
Microsoft Visual Studio Solution File, Format Version 12.00
# Visual Studio Version 17
VisualStudioVersion = 17.10.35027.167
MinimumVisualStudioVersion = 10.0.40219.1
Project("{888888A0-9F3D-457C-B088-3A5042F75D52}") = "pdf_to_png", "pdf_to_png\pdf_to_png.pyproj", "{0B55F51A-82E8-4494-9C8B-B42ABFEDABF1}"
EndProject
Global
	GlobalSection(SolutionConfigurationPlatforms) = preSolution
		Debug|Any CPU = Debug|Any CPU
		Release|Any CPU = Release|Any CPU
	EndGlobalSection
	GlobalSection(ProjectConfigurationPlatforms) = postSolution
		{0B55F51A-82E8-4494-9C8B-B42ABFEDABF1}.Debug|Any CPU.ActiveCfg = Debug|Any CPU
		{0B55F51A-82E8-4494-9C8B-B42ABFEDABF1}.Release|Any CPU.ActiveCfg = Release|Any CPU
	EndGlobalSection
	GlobalSection(SolutionProperties) = preSolution
		HideSolutionNode = FALSE
	EndGlobalSection
	GlobalSection(ExtensibilityGlobals) = postSolution
		SolutionGuid = {8971E62E-613B-4505-BF18-2C251D69982D}
	EndGlobalSection
EndGlobal
